// !$*UTF8*$!
{
	archiveVersion = 1;
	classes = {
	};
	objectVersion = 50;
	objects = {

/* Begin PBXBuildFile section */
		F0590C0420E1790C00B9C2C9 /* grid.jpg in Resources */ = {isa = PBXBuildFile; fileRef = F0590C0320E1790C00B9C2C9 /* grid.jpg */; };
		F0590C0620E17F1300B9C2C9 /* art.scnassets in Resources */ = {isa = PBXBuildFile; fileRef = F0590C0520E17F1300B9C2C9 /* art.scnassets */; };
		F060FB5A20E15DC400DD60E8 /* AppDelegate.swift in Sources */ = {isa = PBXBuildFile; fileRef = F060FB5920E15DC400DD60E8 /* AppDelegate.swift */; };
		F060FB6120E15DC600DD60E8 /* Assets.xcassets in Resources */ = {isa = PBXBuildFile; fileRef = F060FB6020E15DC600DD60E8 /* Assets.xcassets */; };
		F060FB6420E15DC600DD60E8 /* LaunchScreen.storyboard in Resources */ = {isa = PBXBuildFile; fileRef = F060FB6220E15DC600DD60E8 /* LaunchScreen.storyboard */; };
		F060FB6C20E15E5E00DD60E8 /* RootViewController.swift in Sources */ = {isa = PBXBuildFile; fileRef = F060FB6B20E15E5E00DD60E8 /* RootViewController.swift */; };
/* End PBXBuildFile section */

/* Begin PBXFileReference section */
		F0590C0320E1790C00B9C2C9 /* grid.jpg */ = {isa = PBXFileReference; lastKnownFileType = image.jpeg; path = grid.jpg; sourceTree = "<group>"; };
		F0590C0520E17F1300B9C2C9 /* art.scnassets */ = {isa = PBXFileReference; lastKnownFileType = wrapper.scnassets; path = art.scnassets; sourceTree = "<group>"; };
		F060FB5620E15DC400DD60E8 /* ARSolar.app */ = {isa = PBXFileReference; explicitFileType = wrapper.application; includeInIndex = 0; path = ARSolar.app; sourceTree = BUILT_PRODUCTS_DIR; };
		F060FB5920E15DC400DD60E8 /* AppDelegate.swift */ = {isa = PBXFileReference; lastKnownFileType = sourcecode.swift; path = AppDelegate.swift; sourceTree = "<group>"; };
		F060FB6020E15DC600DD60E8 /* Assets.xcassets */ = {isa = PBXFileReference; lastKnownFileType = folder.assetcatalog; path = Assets.xcassets; sourceTree = "<group>"; };
		F060FB6320E15DC600DD60E8 /* Base */ = {isa = PBXFileReference; lastKnownFileType = file.storyboard; name = Base; path = Base.lproj/LaunchScreen.storyboard; sourceTree = "<group>"; };
		F060FB6520E15DC600DD60E8 /* Info.plist */ = {isa = PBXFileReference; lastKnownFileType = text.plist.xml; path = Info.plist; sourceTree = "<group>"; };
		F060FB6B20E15E5E00DD60E8 /* RootViewController.swift */ = {isa = PBXFileReference; lastKnownFileType = sourcecode.swift; path = RootViewController.swift; sourceTree = "<group>"; };
/* End PBXFileReference section */

/* Begin PBXFrameworksBuildPhase section */
		F060FB5320E15DC400DD60E8 /* Frameworks */ = {
			isa = PBXFrameworksBuildPhase;
			buildActionMask = 2147483647;
			files = (
			);
			runOnlyForDeploymentPostprocessing = 0;
		};
/* End PBXFrameworksBuildPhase section */

/* Begin PBXGroup section */
		F060FB4D20E15DC300DD60E8 = {
			isa = PBXGroup;
			children = (
				F060FB5820E15DC400DD60E8 /* ARSolar */,
				F060FB5720E15DC400DD60E8 /* Products */,
			);
			sourceTree = "<group>";
		};
		F060FB5720E15DC400DD60E8 /* Products */ = {
			isa = PBXGroup;
			children = (
				F060FB5620E15DC400DD60E8 /* ARSolar.app */,
			);
			name = Products;
			sourceTree = "<group>";
		};
		F060FB5820E15DC400DD60E8 /* ARSolar */ = {
			isa = PBXGroup;
			children = (
				F0590C0320E1790C00B9C2C9 /* grid.jpg */,
				F060FB5920E15DC400DD60E8 /* AppDelegate.swift */,
				F060FB6020E15DC600DD60E8 /* Assets.xcassets */,
				F060FB6220E15DC600DD60E8 /* LaunchScreen.storyboard */,
				F060FB6520E15DC600DD60E8 /* Info.plist */,
				F060FB6B20E15E5E00DD60E8 /* RootViewController.swift */,
				F0590C0520E17F1300B9C2C9 /* art.scnassets */,
			);
			path = ARSolar;
			sourceTree = "<group>";
		};
/* End PBXGroup section */

/* Begin PBXNativeTarget section */
		F060FB5520E15DC400DD60E8 /* ARSolar */ = {
			isa = PBXNativeTarget;
			buildConfigurationList = F060FB6820E15DC600DD60E8 /* Build configuration list for PBXNativeTarget "ARSolar" */;
			buildPhases = (
				F060FB5220E15DC400DD60E8 /* Sources */,
				F060FB5320E15DC400DD60E8 /* Frameworks */,
				F060FB5420E15DC400DD60E8 /* Resources */,
			);
			buildRules = (
			);
			dependencies = (
			);
			name = ARSolar;
			productName = ARSolar;
			productReference = F060FB5620E15DC400DD60E8 /* ARSolar.app */;
			productType = "com.apple.product-type.application";
		};
/* End PBXNativeTarget section */

/* Begin PBXProject section */
		F060FB4E20E15DC300DD60E8 /* Project object */ = {
			isa = PBXProject;
			attributes = {
				LastSwiftUpdateCheck = 1000;
				LastUpgradeCheck = 1000;
				ORGANIZATIONNAME = "Pohle, Sven";
				TargetAttributes = {
					F060FB5520E15DC400DD60E8 = {
						CreatedOnToolsVersion = 10.0;
					};
				};
			};
			buildConfigurationList = F060FB5120E15DC300DD60E8 /* Build configuration list for PBXProject "ARSolar" */;
			compatibilityVersion = "Xcode 9.3";
			developmentRegion = en;
			hasScannedForEncodings = 0;
			knownRegions = (
				en,
				Base,
			);
			mainGroup = F060FB4D20E15DC300DD60E8;
			productRefGroup = F060FB5720E15DC400DD60E8 /* Products */;
			projectDirPath = "";
			projectRoot = "";
			targets = (
				F060FB5520E15DC400DD60E8 /* ARSolar */,
			);
		};
/* End PBXProject section */

/* Begin PBXResourcesBuildPhase section */
		F060FB5420E15DC400DD60E8 /* Resources */ = {
			isa = PBXResourcesBuildPhase;
			buildActionMask = 2147483647;
			files = (
				F060FB6420E15DC600DD60E8 /* LaunchScreen.storyboard in Resources */,
				F0590C0620E17F1300B9C2C9 /* art.scnassets in Resources */,
				F0590C0420E1790C00B9C2C9 /* grid.jpg in Resources */,
				F060FB6120E15DC600DD60E8 /* Assets.xcassets in Resources */,
			);
			runOnlyForDeploymentPostprocessing = 0;
		};
/* End PBXResourcesBuildPhase section */

/* Begin PBXSourcesBuildPhase section */
		F060FB5220E15DC400DD60E8 /* Sources */ = {
			isa = PBXSourcesBuildPhase;
			buildActionMask = 2147483647;
			files = (
				F060FB6C20E15E5E00DD60E8 /* RootViewController.swift in Sources */,
				F060FB5A20E15DC400DD60E8 /* AppDelegate.swift in Sources */,
			);
			runOnlyForDeploymentPostprocessing = 0;
		};
/* End PBXSourcesBuildPhase section */

/* Begin PBXVariantGroup section */
		F060FB6220E15DC600DD60E8 /* LaunchScreen.storyboard */ = {
			isa = PBXVariantGroup;
			children = (
				F060FB6320E15DC600DD60E8 /* Base */,
			);
			name = LaunchScreen.storyboard;
			sourceTree = "<group>";
		};
/* End PBXVariantGroup section */

/* Begin XCBuildConfiguration section */
		F060FB6620E15DC600DD60E8 /* Debug */ = {
			isa = XCBuildConfiguration;
			buildSettings = {
				ALWAYS_SEARCH_USER_PATHS = NO;
				CLANG_ANALYZER_NONNULL = YES;
				CLANG_ANALYZER_NUMBER_OBJECT_CONVERSION = YES_AGGRESSIVE;
				CLANG_CXX_LANGUAGE_STANDARD = "gnu++14";
				CLANG_CXX_LIBRARY = "libc++";
				CLANG_ENABLE_MODULES = YES;
				CLANG_ENABLE_OBJC_ARC = YES;
				CLANG_ENABLE_OBJC_WEAK = YES;
				CLANG_WARN_BLOCK_CAPTURE_AUTORELEASING = YES;
				CLANG_WARN_BOOL_CONVERSION = YES;
				CLANG_WARN_COMMA = YES;
				CLANG_WARN_CONSTANT_CONVERSION = YES;
				CLANG_WARN_DEPRECATED_OBJC_IMPLEMENTATIONS = YES;
				CLANG_WARN_DIRECT_OBJC_ISA_USAGE = YES_ERROR;
				CLANG_WARN_DOCUMENTATION_COMMENTS = YES;
				CLANG_WARN_EMPTY_BODY = YES;
				CLANG_WARN_ENUM_CONVERSION = YES;
				CLANG_WARN_INFINITE_RECURSION = YES;
				CLANG_WARN_INT_CONVERSION = YES;
				CLANG_WARN_NON_LITERAL_NULL_CONVERSION = YES;
				CLANG_WARN_OBJC_IMPLICIT_RETAIN_SELF = YES;
				CLANG_WARN_OBJC_LITERAL_CONVERSION = YES;
				CLANG_WARN_OBJC_ROOT_CLASS = YES_ERROR;
				CLANG_WARN_RANGE_LOOP_ANALYSIS = YES;
				CLANG_WARN_STRICT_PROTOTYPES = YES;
				CLANG_WARN_SUSPICIOUS_MOVE = YES;
				CLANG_WARN_UNGUARDED_AVAILABILITY = YES_AGGRESSIVE;
				CLANG_WARN_UNREACHABLE_CODE = YES;
				CLANG_WARN__DUPLICATE_METHOD_MATCH = YES;
				CODE_SIGN_IDENTITY = "iPhone Developer";
				COPY_PHASE_STRIP = NO;
				DEBUG_INFORMATION_FORMAT = dwarf;
				ENABLE_STRICT_OBJC_MSGSEND = YES;
				ENABLE_TESTABILITY = YES;
				GCC_C_LANGUAGE_STANDARD = gnu11;
				GCC_DYNAMIC_NO_PIC = NO;
				GCC_NO_COMMON_BLOCKS = YES;
				GCC_OPTIMIZATION_LEVEL = 0;
				GCC_PREPROCESSOR_DEFINITIONS = (
					"DEBUG=1",
					"$(inherited)",
				);
				GCC_WARN_64_TO_32_BIT_CONVERSION = YES;
				GCC_WARN_ABOUT_RETURN_TYPE = YES_ERROR;
				GCC_WARN_UNDECLARED_SELECTOR = YES;
				GCC_WARN_UNINITIALIZED_AUTOS = YES_AGGRESSIVE;
				GCC_WARN_UNUSED_FUNCTION = YES;
				GCC_WARN_UNUSED_VARIABLE = YES;
				IPHONEOS_DEPLOYMENT_TARGET = 12.0;
				MTL_ENABLE_DEBUG_INFO = INCLUDE_SOURCE;
				ONLY_ACTIVE_ARCH = YES;
				SDKROOT = iphoneos;
				SWIFT_ACTIVE_COMPILATION_CONDITIONS = DEBUG;
				SWIFT_OPTIMIZATION_LEVEL = "-Onone";
			};
			name = Debug;
		};
		F060FB6720E15DC600DD60E8 /* Release */ = {
			isa = XCBuildConfiguration;
			buildSettings = {
				ALWAYS_SEARCH_USER_PATHS = NO;
				CLANG_ANALYZER_NONNULL = YES;
				CLANG_ANALYZER_NUMBER_OBJECT_CONVERSION = YES_AGGRESSIVE;
				CLANG_CXX_LANGUAGE_STANDARD = "gnu++14";
				CLANG_CXX_LIBRARY = "libc++";
				CLANG_ENABLE_MODULES = YES;
				CLANG_ENABLE_OBJC_ARC = YES;
				CLANG_ENABLE_OBJC_WEAK = YES;
				CLANG_WARN_BLOCK_CAPTURE_AUTORELEASING = YES;
				CLANG_WARN_BOOL_CONVERSION = YES;
				CLANG_WARN_COMMA = YES;
				CLANG_WARN_CONSTANT_CONVERSION = YES;
				CLANG_WARN_DEPRECATED_OBJC_IMPLEMENTATIONS = YES;
				CLANG_WARN_DIRECT_OBJC_ISA_USAGE = YES_ERROR;
				CLANG_WARN_DOCUMENTATION_COMMENTS = YES;
				CLANG_WARN_EMPTY_BODY = YES;
				CLANG_WARN_ENUM_CONVERSION = YES;
				CLANG_WARN_INFINITE_RECURSION = YES;
				CLANG_WARN_INT_CONVERSION = YES;
				CLANG_WARN_NON_LITERAL_NULL_CONVERSION = YES;
				CLANG_WARN_OBJC_IMPLICIT_RETAIN_SELF = YES;
				CLANG_WARN_OBJC_LITERAL_CONVERSION = YES;
				CLANG_WARN_OBJC_ROOT_CLASS = YES_ERROR;
				CLANG_WARN_RANGE_LOOP_ANALYSIS = YES;
				CLANG_WARN_STRICT_PROTOTYPES = YES;
				CLANG_WARN_SUSPICIOUS_MOVE = YES;
				CLANG_WARN_UNGUARDED_AVAILABILITY = YES_AGGRESSIVE;
				CLANG_WARN_UNREACHABLE_CODE = YES;
				CLANG_WARN__DUPLICATE_METHOD_MATCH = YES;
				CODE_SIGN_IDENTITY = "iPhone Developer";
				COPY_PHASE_STRIP = NO;
				DEBUG_INFORMATION_FORMAT = "dwarf-with-dsym";
				ENABLE_NS_ASSERTIONS = NO;
				ENABLE_STRICT_OBJC_MSGSEND = YES;
				GCC_C_LANGUAGE_STANDARD = gnu11;
				GCC_NO_COMMON_BLOCKS = YES;
				GCC_WARN_64_TO_32_BIT_CONVERSION = YES;
				GCC_WARN_ABOUT_RETURN_TYPE = YES_ERROR;
				GCC_WARN_UNDECLARED_SELECTOR = YES;
				GCC_WARN_UNINITIALIZED_AUTOS = YES_AGGRESSIVE;
				GCC_WARN_UNUSED_FUNCTION = YES;
				GCC_WARN_UNUSED_VARIABLE = YES;
				IPHONEOS_DEPLOYMENT_TARGET = 12.0;
				MTL_ENABLE_DEBUG_INFO = NO;
				SDKROOT = iphoneos;
				SWIFT_COMPILATION_MODE = wholemodule;
				SWIFT_OPTIMIZATION_LEVEL = "-O";
				VALIDATE_PRODUCT = YES;
			};
			name = Release;
		};
		F060FB6920E15DC600DD60E8 /* Debug */ = {
			isa = XCBuildConfiguration;
			buildSettings = {
				ASSETCATALOG_COMPILER_APPICON_NAME = AppIcon;
				CODE_SIGN_STYLE = Automatic;
				DEVELOPMENT_TEAM = 9YMT437585;
				INFOPLIST_FILE = ARSolar/Info.plist;
				LD_RUNPATH_SEARCH_PATHS = (
					"$(inherited)",
					"@executable_path/Frameworks",
				);
				PRODUCT_BUNDLE_IDENTIFIER = com.spohle.ARSolar;
				PRODUCT_NAME = "$(TARGET_NAME)";
				SWIFT_VERSION = 4.2;
				TARGETED_DEVICE_FAMILY = 2;
			};
			name = Debug;
		};
		F060FB6A20E15DC600DD60E8 /* Release */ = {
			isa = XCBuildConfiguration;
			buildSettings = {
				ASSETCATALOG_COMPILER_APPICON_NAME = AppIcon;
				CODE_SIGN_STYLE = Automatic;
				DEVELOPMENT_TEAM = 9YMT437585;
				INFOPLIST_FILE = ARSolar/Info.plist;
				LD_RUNPATH_SEARCH_PATHS = (
					"$(inherited)",
					"@executable_path/Frameworks",
				);
				PRODUCT_BUNDLE_IDENTIFIER = com.spohle.ARSolar;
				PRODUCT_NAME = "$(TARGET_NAME)";
				SWIFT_VERSION = 4.2;
				TARGETED_DEVICE_FAMILY = 2;
			};
			name = Release;
		};
/* End XCBuildConfiguration section */

/* Begin XCConfigurationList section */
		F060FB5120E15DC300DD60E8 /* Build configuration list for PBXProject "ARSolar" */ = {
			isa = XCConfigurationList;
			buildConfigurations = (
				F060FB6620E15DC600DD60E8 /* Debug */,
				F060FB6720E15DC600DD60E8 /* Release */,
			);
			defaultConfigurationIsVisible = 0;
			defaultConfigurationName = Release;
		};
		F060FB6820E15DC600DD60E8 /* Build configuration list for PBXNativeTarget "ARSolar" */ = {
			isa = XCConfigurationList;
			buildConfigurations = (
				F060FB6920E15DC600DD60E8 /* Debug */,
				F060FB6A20E15DC600DD60E8 /* Release */,
			);
			defaultConfigurationIsVisible = 0;
			defaultConfigurationName = Release;
		};
/* End XCConfigurationList section */
	};
	rootObject = F060FB4E20E15DC300DD60E8 /* Project object */;
}
